
Microsoft Visual Studio Solution File, Format Version 12.00
# Visual Studio 15
VisualStudioVersion = 15.0.27004.2009
MinimumVisualStudioVersion = 10.0.40219.1
Project("{FAE04EC0-301F-11D3-BF4B-00C04F79EFBC}") = "WcfWebApplication", "WcfWebApplication\WcfWebApplication.csproj", "{C59A6CF0-0D3C-4F72-A1A7-FDF9E032C6E3}"
EndProject
Project("{FAE04EC0-301F-11D3-BF4B-00C04F79EFBC}") = "WcfTestClient", "WcfTestClient\WcfTestClient.csproj", "{4296CAA7-864E-435D-B48A-8BFA3DFD65F8}"
	ProjectSection(ProjectDependencies) = postProject
		{C59A6CF0-0D3C-4F72-A1A7-FDF9E032C6E3} = {C59A6CF0-0D3C-4F72-A1A7-FDF9E032C6E3}
	EndProjectSection
EndProject
Global
	GlobalSection(SolutionConfigurationPlatforms) = preSolution
		Debug|Any CPU = Debug|Any CPU
		Release|Any CPU = Release|Any CPU
	EndGlobalSection
	GlobalSection(ProjectConfigurationPlatforms) = postSolution
		{C59A6CF0-0D3C-4F72-A1A7-FDF9E032C6E3}.Debug|Any CPU.ActiveCfg = Debug|Any CPU
		{C59A6CF0-0D3C-4F72-A1A7-FDF9E032C6E3}.Debug|Any CPU.Build.0 = Debug|Any CPU
		{C59A6CF0-0D3C-4F72-A1A7-FDF9E032C6E3}.Release|Any CPU.ActiveCfg = Release|Any CPU
		{C59A6CF0-0D3C-4F72-A1A7-FDF9E032C6E3}.Release|Any CPU.Build.0 = Release|Any CPU
		{4296CAA7-864E-435D-B48A-8BFA3DFD65F8}.Debug|Any CPU.ActiveCfg = Debug|Any CPU
		{4296CAA7-864E-435D-B48A-8BFA3DFD65F8}.Debug|Any CPU.Build.0 = Debug|Any CPU
		{4296CAA7-864E-435D-B48A-8BFA3DFD65F8}.Release|Any CPU.ActiveCfg = Release|Any CPU
		{4296CAA7-864E-435D-B48A-8BFA3DFD65F8}.Release|Any CPU.Build.0 = Release|Any CPU
	EndGlobalSection
	GlobalSection(SolutionProperties) = preSolution
		HideSolutionNode = FALSE
	EndGlobalSection
	GlobalSection(ExtensibilityGlobals) = postSolution
		SolutionGuid = {A90B81B0-6DE4-4676-BF65-ED64E5362F4D}
	EndGlobalSection
EndGlobal
